
Microsoft Visual Studio Solution File, Format Version 12.00
# Visual Studio Version 17
VisualStudioVersion = 17.6.33723.286
MinimumVisualStudioVersion = 10.0.40219.1
Project("{FAE04EC0-301F-11D3-BF4B-00C04F79EFBC}") = "Lab2_FIO", "Lab2_FIO.csproj", "{692A7480-0151-41DF-A5C5-CC7BA206CD69}"
EndProject
Global
	GlobalSection(SolutionConfigurationPlatforms) = preSolution
		Debug|Any CPU = Debug|Any CPU
		Release|Any CPU = Release|Any CPU
	EndGlobalSection
	GlobalSection(ProjectConfigurationPlatforms) = postSolution
		{692A7480-0151-41DF-A5C5-CC7BA206CD69}.Debug|Any CPU.ActiveCfg = Debug|Any CPU
		{692A7480-0151-41DF-A5C5-CC7BA206CD69}.Debug|Any CPU.Build.0 = Debug|Any CPU
		{692A7480-0151-41DF-A5C5-CC7BA206CD69}.Release|Any CPU.ActiveCfg = Release|Any CPU
		{692A7480-0151-41DF-A5C5-CC7BA206CD69}.Release|Any CPU.Build.0 = Release|Any CPU
	EndGlobalSection
	GlobalSection(SolutionProperties) = preSolution
		HideSolutionNode = FALSE
	EndGlobalSection
	GlobalSection(ExtensibilityGlobals) = postSolution
		SolutionGuid = {24FF6CCD-3D2D-4290-ADD4-044709776F6F}
	EndGlobalSection
EndGlobal
